
Microsoft Visual Studio Solution File, Format Version 12.00
# Visual Studio Version 17
VisualStudioVersion = 17.10.35122.118
MinimumVisualStudioVersion = 10.0.40219.1
Project("{FAE04EC0-301F-11D3-BF4B-00C04F79EFBC}") = "TechFixWeb", "TechFixWeb\TechFixWeb.csproj", "{FEE36DC1-8E0E-4FD4-8CA1-5E8B013078D8}"
	ProjectSection(ProjectDependencies) = postProject
		{80CA1F63-6C60-46E6-922C-E33D3CC93B1E} = {80CA1F63-6C60-46E6-922C-E33D3CC93B1E}
	EndProjectSection
EndProject
Project("{FAE04EC0-301F-11D3-BF4B-00C04F79EFBC}") = "Services", "..\Services\Services.csproj", "{80CA1F63-6C60-46E6-922C-E33D3CC93B1E}"
EndProject
Global
	GlobalSection(SolutionConfigurationPlatforms) = preSolution
		Debug|Any CPU = Debug|Any CPU
		Release|Any CPU = Release|Any CPU
	EndGlobalSection
	GlobalSection(ProjectConfigurationPlatforms) = postSolution
		{FEE36DC1-8E0E-4FD4-8CA1-5E8B013078D8}.Debug|Any CPU.ActiveCfg = Debug|Any CPU
		{FEE36DC1-8E0E-4FD4-8CA1-5E8B013078D8}.Debug|Any CPU.Build.0 = Debug|Any CPU
		{FEE36DC1-8E0E-4FD4-8CA1-5E8B013078D8}.Release|Any CPU.ActiveCfg = Release|Any CPU
		{FEE36DC1-8E0E-4FD4-8CA1-5E8B013078D8}.Release|Any CPU.Build.0 = Release|Any CPU
		{80CA1F63-6C60-46E6-922C-E33D3CC93B1E}.Debug|Any CPU.ActiveCfg = Debug|Any CPU
		{80CA1F63-6C60-46E6-922C-E33D3CC93B1E}.Debug|Any CPU.Build.0 = Debug|Any CPU
		{80CA1F63-6C60-46E6-922C-E33D3CC93B1E}.Release|Any CPU.ActiveCfg = Release|Any CPU
		{80CA1F63-6C60-46E6-922C-E33D3CC93B1E}.Release|Any CPU.Build.0 = Release|Any CPU
	EndGlobalSection
	GlobalSection(SolutionProperties) = preSolution
		HideSolutionNode = FALSE
	EndGlobalSection
	GlobalSection(ExtensibilityGlobals) = postSolution
		SolutionGuid = {385F83EB-FD39-443B-A9EB-97AD416A8E10}
	EndGlobalSection
EndGlobal
